{
  "nodes": {
    "nixpkgs": {
      "locked": {
        "lastModified": 1619398436,
        "narHash": "sha256-pZEB0Q1dsa35pk6EFREyisIoJaK+UlfoqbDBYYkORjw=",
        "owner": "NixOS",
        "repo": "nixpkgs",
        "rev": "bba3474a5798b5a3a87e10102d1a55f19ec3fca5",
        "type": "github"
      },
      "original": {
        "owner": "NixOS",
        "ref": "nixos-20.09",
        "repo": "nixpkgs",
        "type": "github"
      }
    },
    "root": {
      "inputs": {
        "nixpkgs": "nixpkgs"
      }
    }
  },
  "root": "root",
  "version": 7
}
