{
  "nodes": {
    "bats-assert": {
      "flake": false,
      "locked": {
        "lastModified": 1458686101,
        "narHash": "sha256-WuZ7CmWDLcB+LK5awNuwZ4Zk5YM3NF8xIsaIbikVMn0=",
        "owner": "ztombol",
        "repo": "bats-assert",
        "rev": "9f88b4207da750093baabc4e3f41bf68f0dd3630",
        "type": "github"
      },
      "original": {
        "owner": "ztombol",
        "repo": "bats-assert",
        "type": "github"
      }
    },
    "bats-file": {
      "flake": false,
      "locked": {
        "lastModified": 1481066990,
        "narHash": "sha256-NaBAJiiL+mxANWtDhJh1CiOQQbJ9oVbwgUZfIqVtmws=",
        "owner": "ztombol",
        "repo": "bats-file",
        "rev": "2fddb2b831d65cdf2e411f3b47f4677fbb15729c",
        "type": "github"
      },
      "original": {
        "owner": "ztombol",
        "repo": "bats-file",
        "type": "github"
      }
    },
    "bats-support": {
      "flake": false,
      "locked": {
        "lastModified": 1481062092,
        "narHash": "sha256-5sVpojS4mHREfSgOblWCdQ+VKMWhnO0P62gzORSVpos=",
        "owner": "ztombol",
        "repo": "bats-support",
        "rev": "004e707638eedd62e0481e8cdc9223ad471f12ee",
        "type": "github"
      },
      "original": {
        "owner": "ztombol",
        "repo": "bats-support",
        "type": "github"
      }
    },
    "nixpkgs": {
      "locked": {
        "lastModified": 1619398436,
        "narHash": "sha256-pZEB0Q1dsa35pk6EFREyisIoJaK+UlfoqbDBYYkORjw=",
        "owner": "NixOS",
        "repo": "nixpkgs",
        "rev": "bba3474a5798b5a3a87e10102d1a55f19ec3fca5",
        "type": "github"
      },
      "original": {
        "owner": "NixOS",
        "ref": "nixos-20.09",
        "repo": "nixpkgs",
        "type": "github"
      }
    },
    "root": {
      "inputs": {
        "bats-assert": "bats-assert",
        "bats-file": "bats-file",
        "bats-support": "bats-support",
        "nixpkgs": "nixpkgs"
      }
    }
  },
  "root": "root",
  "version": 7
}
