{
  "nodes": {
    "bats-assert": {
      "flake": false,
      "locked": {
        "lastModified": 1458686101,
        "narHash": "sha256-WuZ7CmWDLcB+LK5awNuwZ4Zk5YM3NF8xIsaIbikVMn0=",
        "owner": "ztombol",
        "repo": "bats-assert",
        "rev": "9f88b4207da750093baabc4e3f41bf68f0dd3630",
        "type": "github"
      },
      "original": {
        "owner": "ztombol",
        "repo": "bats-assert",
        "type": "github"
      }
    },
    "bats-file": {
      "flake": false,
      "locked": {
        "lastModified": 1481066990,
        "narHash": "sha256-NaBAJiiL+mxANWtDhJh1CiOQQbJ9oVbwgUZfIqVtmws=",
        "owner": "ztombol",
        "repo": "bats-file",
        "rev": "2fddb2b831d65cdf2e411f3b47f4677fbb15729c",
        "type": "github"
      },
      "original": {
        "owner": "ztombol",
        "repo": "bats-file",
        "type": "github"
      }
    },
    "bats-support": {
      "flake": false,
      "locked": {
        "lastModified": 1481062092,
        "narHash": "sha256-5sVpojS4mHREfSgOblWCdQ+VKMWhnO0P62gzORSVpos=",
        "owner": "ztombol",
        "repo": "bats-support",
        "rev": "004e707638eedd62e0481e8cdc9223ad471f12ee",
        "type": "github"
      },
      "original": {
        "owner": "ztombol",
        "repo": "bats-support",
        "type": "github"
      }
    },
    "flake-utils": {
      "locked": {
        "lastModified": 1631561581,
        "narHash": "sha256-3VQMV5zvxaVLvqqUrNz3iJelLw30mIVSfZmAaauM3dA=",
        "owner": "numtide",
        "repo": "flake-utils",
        "rev": "7e5bf3925f6fbdfaf50a2a7ca0be2879c4261d19",
        "type": "github"
      },
      "original": {
        "owner": "numtide",
        "repo": "flake-utils",
        "type": "github"
      }
    },
    "nixpkgs": {
      "locked": {
        "lastModified": 1632418649,
        "narHash": "sha256-4rZspkiQU7zbsuciRRMgoEPkAF/+FSv2jx/VIPxPVx4=",
        "owner": "NixOS",
        "repo": "nixpkgs",
        "rev": "056a3c1fae30d06d14b171b9023743c21a23ec1a",
        "type": "github"
      },
      "original": {
        "owner": "NixOS",
        "ref": "nixos-21.05",
        "repo": "nixpkgs",
        "type": "github"
      }
    },
    "root": {
      "inputs": {
        "bats-assert": "bats-assert",
        "bats-file": "bats-file",
        "bats-support": "bats-support",
        "flake-utils": "flake-utils",
        "nixpkgs": "nixpkgs"
      }
    }
  },
  "root": "root",
  "version": 7
}
